
Microsoft Visual Studio Solution File, Format Version 12.00
# Visual Studio Version 16
VisualStudioVersion = 25.0.1704.5
MinimumVisualStudioVersion = 10.0.40219.1
Project("{FAE04EC0-301F-11D3-BF4B-00C04F79EFBC}") = "InwStockPhotos", "InwStockPhotos\InwStockPhotos.csproj", "{3DACD9C8-8B7A-4DA3-8985-555D9B585D60}"
EndProject
Global
	GlobalSection(SolutionConfigurationPlatforms) = preSolution
		Debug|Any CPU = Debug|Any CPU
		Release|Any CPU = Release|Any CPU
	EndGlobalSection
	GlobalSection(ProjectConfigurationPlatforms) = postSolution
		{3DACD9C8-8B7A-4DA3-8985-555D9B585D60}.Debug|Any CPU.ActiveCfg = Debug|Any CPU
		{3DACD9C8-8B7A-4DA3-8985-555D9B585D60}.Debug|Any CPU.Build.0 = Debug|Any CPU
		{3DACD9C8-8B7A-4DA3-8985-555D9B585D60}.Release|Any CPU.ActiveCfg = Release|Any CPU
		{3DACD9C8-8B7A-4DA3-8985-555D9B585D60}.Release|Any CPU.Build.0 = Release|Any CPU
	EndGlobalSection
	GlobalSection(SolutionProperties) = preSolution
		HideSolutionNode = FALSE
	EndGlobalSection
	GlobalSection(ExtensibilityGlobals) = postSolution
		SolutionGuid = {8722352B-66A1-4CFE-A123-99837EBCBE81}
	EndGlobalSection
EndGlobal
